
Microsoft Visual Studio Solution File, Format Version 12.00
# Visual Studio Version 16
VisualStudioVersion = 16.0.30011.22
MinimumVisualStudioVersion = 10.0.40219.1
Project("{9A19103F-16F7-4668-BE54-9A1E7A4F7556}") = "DesignPatterns.Factory.Tests", "DesignPatterns.Factory.Tests\DesignPatterns.Factory.Tests.csproj", "{74B365B4-FE8A-487A-AE53-C01AE617DD51}"
EndProject
Project("{9A19103F-16F7-4668-BE54-9A1E7A4F7556}") = "DesignPatterns.Factory", "DesignPatterns.Factory\DesignPatterns.Factory.csproj", "{A5AD0AA4-5B41-412B-9EC3-AF8EF72E7277}"
EndProject
Global
	GlobalSection(SolutionConfigurationPlatforms) = preSolution
		Debug|Any CPU = Debug|Any CPU
		Release|Any CPU = Release|Any CPU
	EndGlobalSection
	GlobalSection(ProjectConfigurationPlatforms) = postSolution
		{74B365B4-FE8A-487A-AE53-C01AE617DD51}.Debug|Any CPU.ActiveCfg = Debug|Any CPU
		{74B365B4-FE8A-487A-AE53-C01AE617DD51}.Debug|Any CPU.Build.0 = Debug|Any CPU
		{74B365B4-FE8A-487A-AE53-C01AE617DD51}.Release|Any CPU.ActiveCfg = Release|Any CPU
		{74B365B4-FE8A-487A-AE53-C01AE617DD51}.Release|Any CPU.Build.0 = Release|Any CPU
		{A5AD0AA4-5B41-412B-9EC3-AF8EF72E7277}.Debug|Any CPU.ActiveCfg = Debug|Any CPU
		{A5AD0AA4-5B41-412B-9EC3-AF8EF72E7277}.Debug|Any CPU.Build.0 = Debug|Any CPU
		{A5AD0AA4-5B41-412B-9EC3-AF8EF72E7277}.Release|Any CPU.ActiveCfg = Release|Any CPU
		{A5AD0AA4-5B41-412B-9EC3-AF8EF72E7277}.Release|Any CPU.Build.0 = Release|Any CPU
	EndGlobalSection
	GlobalSection(SolutionProperties) = preSolution
		HideSolutionNode = FALSE
	EndGlobalSection
	GlobalSection(ExtensibilityGlobals) = postSolution
		SolutionGuid = {DF59DE42-79D8-4B83-B5AE-7BF651B96A72}
	EndGlobalSection
EndGlobal
